schema: '2.0'
stages:
  train:
    cmd: python train_segmentation.py
    deps:
    - path: pets_data
      hash: md5
      md5: f24efadffa0d858ad2f599e2fb934b36.dir
      size: 821045236
      nfiles: 25864
    - path: train_segmentation.py
      hash: md5
      md5: fef6e201e77c74f3652bc1a14d547226
      size: 2126
    params:
      params.yaml:
        train.epochs: 10
    outs:
    - path: dvclive/metrics.json
      hash: md5
      md5: f23943dc6feb78e1f7dfd51289a3207f
      size: 203
    - path: modelCheckpoints/
      hash: md5
      md5: 36400d85a33eee83a8c607d9ea51344a.dir
      size: 278142923
      nfiles: 1
