schema: '2.0'
stages:
  train:
    cmd: python train_segmentation.py
    deps:
    - path: pets_data
      hash: md5
      md5: f24efadffa0d858ad2f599e2fb934b36.dir
      size: 821045236
      nfiles: 25864
    - path: train_segmentation.py
      hash: md5
      md5: fef6e201e77c74f3652bc1a14d547226
      size: 2126
    params:
      params.yaml:
        train.epochs: 13
    outs:
    - path: dvclive/metrics.json
      hash: md5
      md5: 4d84c46f749ac61ef209dba3b54f2078
      size: 202
    - path: modelCheckpoints/
      hash: md5
      md5: 694d01e0328b6a74a913b10e8cafce51.dir
      size: 278142923
      nfiles: 1
