schema: '2.0'
stages:
  train:
    cmd: python train_segmentation.py
    deps:
    - path: pets_data
      hash: md5
      md5: f24efadffa0d858ad2f599e2fb934b36.dir
      size: 821045236
      nfiles: 25864
    - path: train_segmentation.py
      hash: md5
      md5: fef6e201e77c74f3652bc1a14d547226
      size: 2126
    params:
      params.yaml:
        train.epochs: 6
    outs:
    - path: dvclive/metrics.json
      hash: md5
      md5: 2b8ebbe0a72ed74668ba846626238e40
      size: 202
    - path: modelCheckpoints/
      hash: md5
      md5: 6f92ff125a4a2e7b3459769663df73b6.dir
      size: 278142923
      nfiles: 1
